
Microsoft Visual Studio Solution File, Format Version 12.00
Project("{2150E333-8FDC-42A3-9474-1A3956D46DE8}") = "Computer1", "Computer1", "{9E5D33F1-E2FF-4760-AAED-3189FB53E4FE}"
EndProject
Project("{2150E333-8FDC-42A3-9474-1A3956D46DE8}") = "Computer2", "Computer2", "{67A92D07-4D75-4C1C-93A2-7D51D1E1E1C7}"
EndProject
Project("{FAE04EC0-301F-11D3-BF4B-00C04F79EFBC}") = "Computer1", "Computer1\Computer1.csproj", "{6629B07E-4C57-4033-9273-73D37E46F8C1}"
EndProject
Project("{FAE04EC0-301F-11D3-BF4B-00C04F79EFBC}") = "Computer2", "Computer2\Computer2.csproj", "{121AFCB2-226F-4A4E-947A-0D5D6C4309A9}"
EndProject
Global
	GlobalSection(SolutionConfigurationPlatforms) = preSolution
		Debug|Any CPU = Debug|Any CPU
		Release|Any CPU = Release|Any CPU
	EndGlobalSection
	GlobalSection(ProjectConfigurationPlatforms) = postSolution
		{6629B07E-4C57-4033-9273-73D37E46F8C1}.Debug|Any CPU.ActiveCfg = Debug|Any CPU
		{6629B07E-4C57-4033-9273-73D37E46F8C1}.Debug|Any CPU.Build.0 = Debug|Any CPU
		{6629B07E-4C57-4033-9273-73D37E46F8C1}.Release|Any CPU.ActiveCfg = Release|Any CPU
		{6629B07E-4C57-4033-9273-73D37E46F8C1}.Release|Any CPU.Build.0 = Release|Any CPU
		{121AFCB2-226F-4A4E-947A-0D5D6C4309A9}.Debug|Any CPU.ActiveCfg = Debug|Any CPU
		{121AFCB2-226F-4A4E-947A-0D5D6C4309A9}.Debug|Any CPU.Build.0 = Debug|Any CPU
		{121AFCB2-226F-4A4E-947A-0D5D6C4309A9}.Release|Any CPU.ActiveCfg = Release|Any CPU
		{121AFCB2-226F-4A4E-947A-0D5D6C4309A9}.Release|Any CPU.Build.0 = Release|Any CPU
	EndGlobalSection
	GlobalSection(NestedProjects) = preSolution
		{6629B07E-4C57-4033-9273-73D37E46F8C1} = {9E5D33F1-E2FF-4760-AAED-3189FB53E4FE}
		{121AFCB2-226F-4A4E-947A-0D5D6C4309A9} = {67A92D07-4D75-4C1C-93A2-7D51D1E1E1C7}
	EndGlobalSection
EndGlobal
